
Microsoft Visual Studio Solution File, Format Version 12.00
# Visual Studio 2013
VisualStudioVersion = 12.0.21005.1
MinimumVisualStudioVersion = 10.0.40219.1
Project("{FAE04EC0-301F-11D3-BF4B-00C04F79EFBC}") = "HaroldsEndeavour", "HaroldsEndeavour\HaroldsEndeavour.csproj", "{00B5FDF1-567F-43D6-99CA-4632041904DD}"
EndProject
Project("{FAE04EC0-301F-11D3-BF4B-00C04F79EFBC}") = "Engine", "Engine\Engine.csproj", "{D4147DED-4C35-4FCA-9913-3D3A6C5072AC}"
EndProject
Global
	GlobalSection(SolutionConfigurationPlatforms) = preSolution
		Debug|Any CPU = Debug|Any CPU
		Release|Any CPU = Release|Any CPU
	EndGlobalSection
	GlobalSection(ProjectConfigurationPlatforms) = postSolution
		{00B5FDF1-567F-43D6-99CA-4632041904DD}.Debug|Any CPU.ActiveCfg = Debug|Any CPU
		{00B5FDF1-567F-43D6-99CA-4632041904DD}.Debug|Any CPU.Build.0 = Debug|Any CPU
		{00B5FDF1-567F-43D6-99CA-4632041904DD}.Release|Any CPU.ActiveCfg = Release|Any CPU
		{00B5FDF1-567F-43D6-99CA-4632041904DD}.Release|Any CPU.Build.0 = Release|Any CPU
		{D4147DED-4C35-4FCA-9913-3D3A6C5072AC}.Debug|Any CPU.ActiveCfg = Debug|Any CPU
		{D4147DED-4C35-4FCA-9913-3D3A6C5072AC}.Debug|Any CPU.Build.0 = Debug|Any CPU
		{D4147DED-4C35-4FCA-9913-3D3A6C5072AC}.Release|Any CPU.ActiveCfg = Release|Any CPU
		{D4147DED-4C35-4FCA-9913-3D3A6C5072AC}.Release|Any CPU.Build.0 = Release|Any CPU
	EndGlobalSection
	GlobalSection(SolutionProperties) = preSolution
		HideSolutionNode = FALSE
	EndGlobalSection
EndGlobal
